{
  "nodes": {
    "devshell": {
      "inputs": {
        "flake-utils": [
          "utils"
        ],
        "nixpkgs": [
          "nixpkgs"
        ]
      },
      "locked": {
        "lastModified": 1675340818,
        "narHash": "sha256-GAzTgOvonq4K3CVyyKZGbCnqdLi6nRe78t8ko/mLxL0=",
        "owner": "numtide",
        "repo": "devshell",
        "rev": "2e19b92980a79118351ec12496a81c49bd674d8a",
        "type": "github"
      },
      "original": {
        "owner": "numtide",
        "repo": "devshell",
        "type": "github"
      }
    },
    "devshell_2": {
      "inputs": {
        "flake-utils": "flake-utils",
        "nixpkgs": "nixpkgs"
      },
      "locked": {
        "lastModified": 1671489820,
        "narHash": "sha256-qoei5HDJ8psd1YUPD7DhbHdhLIT9L2nadscp4Qk37uk=",
        "owner": "numtide",
        "repo": "devshell",
        "rev": "5aa3a8039c68b4bf869327446590f4cdf90bb634",
        "type": "github"
      },
      "original": {
        "owner": "numtide",
        "repo": "devshell",
        "type": "github"
      }
    },
    "devshell_3": {
      "inputs": {
        "flake-utils": "flake-utils_3",
        "nixpkgs": "nixpkgs_2"
      },
      "locked": {
        "lastModified": 1660811669,
        "narHash": "sha256-V6lmsaLNFz41myppL0yxglta92ijkSvpZ+XVygAh+bU=",
        "owner": "numtide",
        "repo": "devshell",
        "rev": "c2feacb46ee69949124c835419861143c4016fb5",
        "type": "github"
      },
      "original": {
        "owner": "numtide",
        "repo": "devshell",
        "type": "github"
      }
    },
    "devshell_4": {
      "inputs": {
        "flake-utils": "flake-utils_4",
        "nixpkgs": "nixpkgs_4"
      },
      "locked": {
        "lastModified": 1671489820,
        "narHash": "sha256-qoei5HDJ8psd1YUPD7DhbHdhLIT9L2nadscp4Qk37uk=",
        "owner": "numtide",
        "repo": "devshell",
        "rev": "5aa3a8039c68b4bf869327446590f4cdf90bb634",
        "type": "github"
      },
      "original": {
        "owner": "numtide",
        "repo": "devshell",
        "type": "github"
      }
    },
    "digilent-xdc": {
      "flake": false,
      "locked": {
        "lastModified": 1669143946,
        "narHash": "sha256-ckdXkC46TwUiwIg0wFhP35SJRDW9BWQm7syYbphhZ1s=",
        "owner": "Digilent",
        "repo": "digilent-xdc",
        "rev": "69d35015d4c3a0cb384a964459593cea5260697a",
        "type": "github"
      },
      "original": {
        "owner": "Digilent",
        "repo": "digilent-xdc",
        "type": "github"
      }
    },
    "fenix": {
      "inputs": {
        "nixpkgs": [
          "nixpkgs"
        ],
        "rust-analyzer-src": "rust-analyzer-src"
      },
      "locked": {
        "lastModified": 1675664647,
        "narHash": "sha256-LtC6Ws4B4b0WhWh65kGVl7kjto7jEU+gWdONZEyu3y0=",
        "owner": "nix-community",
        "repo": "fenix",
        "rev": "3bbacb8bd110fbe32056620428ce89ba0dac23de",
        "type": "github"
      },
      "original": {
        "owner": "nix-community",
        "repo": "fenix",
        "type": "github"
      }
    },
    "flake-utils": {
      "locked": {
        "lastModified": 1642700792,
        "narHash": "sha256-XqHrk7hFb+zBvRg6Ghl+AZDq03ov6OshJLiSWOoX5es=",
        "owner": "numtide",
        "repo": "flake-utils",
        "rev": "846b2ae0fc4cc943637d3d1def4454213e203cba",
        "type": "github"
      },
      "original": {
        "owner": "numtide",
        "repo": "flake-utils",
        "type": "github"
      }
    },
    "flake-utils_2": {
      "locked": {
        "lastModified": 1667395993,
        "narHash": "sha256-nuEHfE/LcWyuSWnS8t12N1wc105Qtau+/OdUAjtQ0rA=",
        "owner": "numtide",
        "repo": "flake-utils",
        "rev": "5aed5285a952e0b949eb3ba02c12fa4fcfef535f",
        "type": "github"
      },
      "original": {
        "owner": "numtide",
        "repo": "flake-utils",
        "type": "github"
      }
    },
    "flake-utils_3": {
      "locked": {
        "lastModified": 1642700792,
        "narHash": "sha256-XqHrk7hFb+zBvRg6Ghl+AZDq03ov6OshJLiSWOoX5es=",
        "owner": "numtide",
        "repo": "flake-utils",
        "rev": "846b2ae0fc4cc943637d3d1def4454213e203cba",
        "type": "github"
      },
      "original": {
        "owner": "numtide",
        "repo": "flake-utils",
        "type": "github"
      }
    },
    "flake-utils_4": {
      "locked": {
        "lastModified": 1642700792,
        "narHash": "sha256-XqHrk7hFb+zBvRg6Ghl+AZDq03ov6OshJLiSWOoX5es=",
        "owner": "numtide",
        "repo": "flake-utils",
        "rev": "846b2ae0fc4cc943637d3d1def4454213e203cba",
        "type": "github"
      },
      "original": {
        "owner": "numtide",
        "repo": "flake-utils",
        "type": "github"
      }
    },
    "fpga-project": {
      "inputs": {
        "digilent-xdc": "digilent-xdc",
        "flake-utils": [
          "utils"
        ],
        "nixpkgs": [
          "nixpkgs"
        ],
        "vivado-boards": "vivado-boards",
        "xilinx-flake-utils": "xilinx-flake-utils"
      },
      "locked": {
        "lastModified": 1675721679,
        "narHash": "sha256-AkS9rtkKb1sQL93sh4LuTYU/UV1VYSklVdr0fXNYym8=",
        "ref": "main",
        "rev": "7b297721f45a4e90e7192e551f124bdd263fae99",
        "revCount": 6,
        "type": "git",
        "url": "ssh://git@github.com/dadada/vivado-coraz7-uart.git"
      },
      "original": {
        "ref": "main",
        "type": "git",
        "url": "ssh://git@github.com/dadada/vivado-coraz7-uart.git"
      }
    },
    "fpga-utils": {
      "flake": false,
      "locked": {
        "lastModified": 1668785371,
        "narHash": "sha256-JPK9URlBWbKAEixaQaQ64tgdU6U9QMB/HnohtuNdgoQ=",
        "ref": "refs/heads/main",
        "rev": "08a8347b51c325e68bd08119b9903c70a57e9022",
        "revCount": 102,
        "type": "git",
        "url": "ssh://git@gitlab.dlr.de/ft-ssy-aes/XANDAR/xilinx-workspace.git"
      },
      "original": {
        "type": "git",
        "url": "ssh://git@gitlab.dlr.de/ft-ssy-aes/XANDAR/xilinx-workspace.git"
      }
    },
    "fpga-utils_2": {
      "flake": false,
      "locked": {
        "lastModified": 1668785371,
        "narHash": "sha256-JPK9URlBWbKAEixaQaQ64tgdU6U9QMB/HnohtuNdgoQ=",
        "ref": "refs/heads/main",
        "rev": "08a8347b51c325e68bd08119b9903c70a57e9022",
        "revCount": 102,
        "type": "git",
        "url": "ssh://git@gitlab.dlr.de/ft-ssy-aes/XANDAR/xilinx-workspace.git"
      },
      "original": {
        "type": "git",
        "url": "ssh://git@gitlab.dlr.de/ft-ssy-aes/XANDAR/xilinx-workspace.git"
      }
    },
    "hypervisor": {
      "inputs": {
        "devshell": "devshell_3",
        "fenix": [
          "fenix"
        ],
        "naersk": [
          "naersk"
        ],
        "nixpkgs": [
          "nixpkgs"
        ],
        "utils": [
          "utils"
        ]
      },
      "locked": {
        "lastModified": 1672500788,
        "narHash": "sha256-GVHT8dzza4R5zvsPLv5ZFVJP2DwBVORLIxt8oWqhdGk=",
        "owner": "dadada",
        "repo": "apex-linux",
        "rev": "2c1f4a7dfaa604acb9aa7243ed0a75e5ca5ced62",
        "type": "github"
      },
      "original": {
        "owner": "dadada",
        "ref": "stable-for-master-thesis",
        "repo": "apex-linux",
        "type": "github"
      }
    },
    "naersk": {
      "inputs": {
        "nixpkgs": [
          "nixpkgs"
        ]
      },
      "locked": {
        "lastModified": 1671096816,
        "narHash": "sha256-ezQCsNgmpUHdZANDCILm3RvtO1xH8uujk/+EqNvzIOg=",
        "owner": "nix-community",
        "repo": "naersk",
        "rev": "d998160d6a076cfe8f9741e56aeec7e267e3e114",
        "type": "github"
      },
      "original": {
        "owner": "nix-community",
        "repo": "naersk",
        "type": "github"
      }
    },
    "nixpkgs": {
      "locked": {
        "lastModified": 1643381941,
        "narHash": "sha256-pHTwvnN4tTsEKkWlXQ8JMY423epos8wUOhthpwJjtpc=",
        "owner": "NixOS",
        "repo": "nixpkgs",
        "rev": "5efc8ca954272c4376ac929f4c5ffefcc20551d5",
        "type": "github"
      },
      "original": {
        "owner": "NixOS",
        "ref": "nixpkgs-unstable",
        "repo": "nixpkgs",
        "type": "github"
      }
    },
    "nixpkgs_2": {
      "locked": {
        "lastModified": 1643381941,
        "narHash": "sha256-pHTwvnN4tTsEKkWlXQ8JMY423epos8wUOhthpwJjtpc=",
        "owner": "NixOS",
        "repo": "nixpkgs",
        "rev": "5efc8ca954272c4376ac929f4c5ffefcc20551d5",
        "type": "github"
      },
      "original": {
        "owner": "NixOS",
        "ref": "nixpkgs-unstable",
        "repo": "nixpkgs",
        "type": "github"
      }
    },
    "nixpkgs_3": {
      "locked": {
        "lastModified": 1669833724,
        "narHash": "sha256-/HEZNyGbnQecrgJnfE8d0WC5c1xuPSD2LUpB6YXlg4c=",
        "owner": "nixos",
        "repo": "nixpkgs",
        "rev": "4d2b37a84fad1091b9de401eb450aae66f1a741e",
        "type": "github"
      },
      "original": {
        "owner": "nixos",
        "ref": "22.11",
        "repo": "nixpkgs",
        "type": "github"
      }
    },
    "nixpkgs_4": {
      "locked": {
        "lastModified": 1643381941,
        "narHash": "sha256-pHTwvnN4tTsEKkWlXQ8JMY423epos8wUOhthpwJjtpc=",
        "owner": "NixOS",
        "repo": "nixpkgs",
        "rev": "5efc8ca954272c4376ac929f4c5ffefcc20551d5",
        "type": "github"
      },
      "original": {
        "owner": "NixOS",
        "ref": "nixpkgs-unstable",
        "repo": "nixpkgs",
        "type": "github"
      }
    },
    "root": {
      "inputs": {
        "devshell": "devshell",
        "fenix": "fenix",
        "fpga-project": "fpga-project",
        "hypervisor": "hypervisor",
        "naersk": "naersk",
        "nixpkgs": "nixpkgs_3",
        "utils": "utils",
        "xilinx-flake-utils": "xilinx-flake-utils_2",
        "xilinx-workspace": "xilinx-workspace",
        "xng-utils": "xng-utils"
      }
    },
    "rust-analyzer-src": {
      "flake": false,
      "locked": {
        "lastModified": 1675604782,
        "narHash": "sha256-apIUZwMwZkWqd7anSGcI1g+2rYfd5GoxIpFFabUFYBU=",
        "owner": "rust-lang",
        "repo": "rust-analyzer",
        "rev": "0b32b65ca6aee21f352d178eeb0b85e092a93177",
        "type": "github"
      },
      "original": {
        "owner": "rust-lang",
        "ref": "nightly",
        "repo": "rust-analyzer",
        "type": "github"
      }
    },
    "utils": {
      "locked": {
        "lastModified": 1667395993,
        "narHash": "sha256-nuEHfE/LcWyuSWnS8t12N1wc105Qtau+/OdUAjtQ0rA=",
        "owner": "numtide",
        "repo": "flake-utils",
        "rev": "5aed5285a952e0b949eb3ba02c12fa4fcfef535f",
        "type": "github"
      },
      "original": {
        "owner": "numtide",
        "repo": "flake-utils",
        "type": "github"
      }
    },
    "vivado-boards": {
      "flake": false,
      "locked": {
        "lastModified": 1673473276,
        "narHash": "sha256-tafHRfzQ0G8tq4sV8WRvwwRP4YAVIbVmq+xIp4+N4mE=",
        "owner": "Digilent",
        "repo": "vivado-boards",
        "rev": "e5f0728cd284d10080ae8eb03fc86e7b5eafcb72",
        "type": "github"
      },
      "original": {
        "owner": "Digilent",
        "ref": "master",
        "repo": "vivado-boards",
        "type": "github"
      }
    },
    "xilinx-flake-utils": {
      "inputs": {
        "devshell": "devshell_2",
        "flake-utils": "flake-utils_2",
        "fpga-utils": "fpga-utils",
        "nixpkgs": [
          "fpga-project",
          "nixpkgs"
        ]
      },
      "locked": {
        "lastModified": 1673626437,
        "narHash": "sha256-MK/U/BydsJONankpMwCsRKhPKIg6Ar+mS9xtLHBoZsw=",
        "owner": "aeronautical-informatics",
        "repo": "xilinx-flake-utils",
        "rev": "c3338901b0a25cc28c1c984f86661ae6d650901b",
        "type": "github"
      },
      "original": {
        "owner": "aeronautical-informatics",
        "ref": "dev/add-devshell",
        "repo": "xilinx-flake-utils",
        "type": "github"
      }
    },
    "xilinx-flake-utils_2": {
      "inputs": {
        "devshell": "devshell_4",
        "flake-utils": [
          "utils"
        ],
        "fpga-utils": "fpga-utils_2",
        "nixpkgs": [
          "nixpkgs"
        ]
      },
      "locked": {
        "lastModified": 1673626437,
        "narHash": "sha256-MK/U/BydsJONankpMwCsRKhPKIg6Ar+mS9xtLHBoZsw=",
        "owner": "aeronautical-informatics",
        "repo": "xilinx-flake-utils",
        "rev": "c3338901b0a25cc28c1c984f86661ae6d650901b",
        "type": "github"
      },
      "original": {
        "owner": "aeronautical-informatics",
        "ref": "dev/add-devshell",
        "repo": "xilinx-flake-utils",
        "type": "github"
      }
    },
    "xilinx-workspace": {
      "flake": false,
      "locked": {
        "lastModified": 1674723013,
        "narHash": "sha256-kTMJpSEh1GHTYlyfX+0RFWcPVvO94k7sveO+huqLTcE=",
        "ref": "refs/heads/main",
        "rev": "760104cc3fabfe1b608d5dc06c98991a638dd11c",
        "revCount": 975,
        "type": "git",
        "url": "ssh://git@gitlab.dlr.de/ft-ssy-aes/XANDAR/xilinx-workspace.git"
      },
      "original": {
        "type": "git",
        "url": "ssh://git@gitlab.dlr.de/ft-ssy-aes/XANDAR/xilinx-workspace.git"
      }
    },
    "xng-utils": {
      "inputs": {
        "nixpkgs": [
          "nixpkgs"
        ]
      },
      "locked": {
        "lastModified": 1674490952,
        "narHash": "sha256-Wz2vO5T9fms/GAankoEo460OZPdyS8Rxlr5PIMVA5AA=",
        "owner": "dadada",
        "repo": "xng-flake-utils",
        "rev": "c439f2072cd2daef4a6a552733c488e4c00ecae9",
        "type": "github"
      },
      "original": {
        "owner": "dadada",
        "ref": "dev/dadada",
        "repo": "xng-flake-utils",
        "type": "github"
      }
    }
  },
  "root": "root",
  "version": 7
}
