{
  "nodes": {
    "devshell": {
      "inputs": {
        "nixpkgs": [
          "nixpkgs"
        ],
        "systems": "systems"
      },
      "locked": {
        "lastModified": 1698410321,
        "narHash": "sha256-MphuSlgpmKwtJncGMohryHiK55J1n6WzVQ/OAfmfoMc=",
        "owner": "numtide",
        "repo": "devshell",
        "rev": "1aed986e3c81a4f6698e85a7452cbfcc4b31a36e",
        "type": "github"
      },
      "original": {
        "owner": "numtide",
        "repo": "devshell",
        "type": "github"
      }
    },
    "devshell_2": {
      "inputs": {
        "flake-utils": [
          "fpga-project",
          "xilinx-flake-utils",
          "flake-utils"
        ],
        "nixpkgs": [
          "fpga-project",
          "xilinx-flake-utils",
          "nixpkgs"
        ]
      },
      "locked": {
        "lastModified": 1676293499,
        "narHash": "sha256-uIOTlTxvrXxpKeTvwBI1JGDGtCxMXE3BI0LFwoQMhiQ=",
        "owner": "numtide",
        "repo": "devshell",
        "rev": "71e3022e3ab20bbf1342640547ef5bc14fb43bf4",
        "type": "github"
      },
      "original": {
        "owner": "numtide",
        "repo": "devshell",
        "type": "github"
      }
    },
    "digilent-xdc": {
      "flake": false,
      "locked": {
        "lastModified": 1669143946,
        "narHash": "sha256-ckdXkC46TwUiwIg0wFhP35SJRDW9BWQm7syYbphhZ1s=",
        "owner": "Digilent",
        "repo": "digilent-xdc",
        "rev": "69d35015d4c3a0cb384a964459593cea5260697a",
        "type": "github"
      },
      "original": {
        "owner": "Digilent",
        "repo": "digilent-xdc",
        "type": "github"
      }
    },
    "fenix": {
      "inputs": {
        "nixpkgs": [
          "nixpkgs"
        ],
        "rust-analyzer-src": "rust-analyzer-src"
      },
      "locked": {
        "lastModified": 1700115779,
        "narHash": "sha256-oajhxEBg+16/KH74CaygAQ6b5KUHS7DwBoL9ecD9qeI=",
        "owner": "nix-community",
        "repo": "fenix",
        "rev": "4378e7e5f5bdef438eee5ce967f37593b9b5cd16",
        "type": "github"
      },
      "original": {
        "owner": "nix-community",
        "repo": "fenix",
        "type": "github"
      }
    },
    "flake-utils": {
      "locked": {
        "lastModified": 1676283394,
        "narHash": "sha256-XX2f9c3iySLCw54rJ/CZs+ZK6IQy7GXNY4nSOyu2QG4=",
        "owner": "numtide",
        "repo": "flake-utils",
        "rev": "3db36a8b464d0c4532ba1c7dda728f4576d6d073",
        "type": "github"
      },
      "original": {
        "owner": "numtide",
        "repo": "flake-utils",
        "type": "github"
      }
    },
    "fpga-project": {
      "inputs": {
        "digilent-xdc": "digilent-xdc",
        "flake-utils": [
          "utils"
        ],
        "nixpkgs": [
          "nixpkgs"
        ],
        "vivado-boards": "vivado-boards",
        "xilinx-flake-utils": "xilinx-flake-utils"
      },
      "locked": {
        "lastModified": 1681463482,
        "narHash": "sha256-G/E0S5ekXslzRxNVUQPqK2Ak96rJ8PaC1TvVJdHI++o=",
        "ref": "main",
        "rev": "7ecbb354e66926d4233caf3fb3984921ec75aa98",
        "revCount": 19,
        "type": "git",
        "url": "ssh://git@gitlab.dlr.de/projekt-resilienz/vivado-coraz7-uart.git"
      },
      "original": {
        "ref": "main",
        "type": "git",
        "url": "ssh://git@gitlab.dlr.de/projekt-resilienz/vivado-coraz7-uart.git"
      }
    },
    "hypervisor": {
      "inputs": {
        "devshell": [
          "devshell"
        ],
        "fenix": [
          "fenix"
        ],
        "naersk": "naersk",
        "nixpkgs": [
          "nixpkgs"
        ],
        "utils": [
          "utils"
        ]
      },
      "locked": {
        "lastModified": 1691147762,
        "narHash": "sha256-r7VzFSs+5Or2zclJD8gFlvCSDwqk8qutHvxbqyNhSPw=",
        "owner": "dadada",
        "repo": "apex-linux",
        "rev": "92d24ecaf5021721a5bd30183e3c3cb14dcfea17",
        "type": "github"
      },
      "original": {
        "owner": "dadada",
        "ref": "udp-network-driver",
        "repo": "apex-linux",
        "type": "github"
      }
    },
    "naersk": {
      "inputs": {
        "nixpkgs": [
          "hypervisor",
          "nixpkgs"
        ]
      },
      "locked": {
        "lastModified": 1679567394,
        "narHash": "sha256-ZvLuzPeARDLiQUt6zSZFGOs+HZmE+3g4QURc8mkBsfM=",
        "ref": "refs/heads/master",
        "rev": "88cd22380154a2c36799fe8098888f0f59861a15",
        "revCount": 309,
        "type": "git",
        "url": "https://github.com/nix-community/naersk.git"
      },
      "original": {
        "type": "git",
        "url": "https://github.com/nix-community/naersk.git"
      }
    },
    "nixpkgs": {
      "locked": {
        "lastModified": 1672968032,
        "narHash": "sha256-26Jns3GmHem44a06UN5Rj/KOD9qNJThyQrom02Ijur8=",
        "owner": "NixOS",
        "repo": "nixpkgs",
        "rev": "2dea8991d89b9f1e78d874945f78ca15f6954289",
        "type": "github"
      },
      "original": {
        "id": "nixpkgs",
        "type": "indirect"
      }
    },
    "nixpkgs_2": {
      "locked": {
        "lastModified": 1699994397,
        "narHash": "sha256-xxNeIcMNMXH2EA9IAX6Cny+50mvY22LhIBiGZV363gc=",
        "owner": "NixOS",
        "repo": "nixpkgs",
        "rev": "d4b5a67bbe9ef750bd2fdffd4cad400dd5553af8",
        "type": "github"
      },
      "original": {
        "owner": "NixOS",
        "ref": "nixos-23.05",
        "repo": "nixpkgs",
        "type": "github"
      }
    },
    "root": {
      "inputs": {
        "devshell": "devshell",
        "fenix": "fenix",
        "fpga-project": "fpga-project",
        "hypervisor": "hypervisor",
        "nixpkgs": "nixpkgs_2",
        "utils": "utils",
        "xilinx-flake-utils": [
          "fpga-project",
          "xilinx-flake-utils"
        ],
        "xng-utils": "xng-utils"
      }
    },
    "rust-analyzer-src": {
      "flake": false,
      "locked": {
        "lastModified": 1700077026,
        "narHash": "sha256-Vf7ykubXsriSjBbeYAm8bzBIvSOYVUmRiCQ3iLL/E+U=",
        "owner": "rust-lang",
        "repo": "rust-analyzer",
        "rev": "58de0b130a763f3a2d373f508ac0c18a8e7d0acd",
        "type": "github"
      },
      "original": {
        "owner": "rust-lang",
        "ref": "nightly",
        "repo": "rust-analyzer",
        "type": "github"
      }
    },
    "systems": {
      "locked": {
        "lastModified": 1681028828,
        "narHash": "sha256-Vy1rq5AaRuLzOxct8nz4T6wlgyUR7zLU309k9mBC768=",
        "owner": "nix-systems",
        "repo": "default",
        "rev": "da67096a3b9bf56a91d16901293e51ba5b49a27e",
        "type": "github"
      },
      "original": {
        "owner": "nix-systems",
        "repo": "default",
        "type": "github"
      }
    },
    "systems_2": {
      "locked": {
        "lastModified": 1681028828,
        "narHash": "sha256-Vy1rq5AaRuLzOxct8nz4T6wlgyUR7zLU309k9mBC768=",
        "owner": "nix-systems",
        "repo": "default",
        "rev": "da67096a3b9bf56a91d16901293e51ba5b49a27e",
        "type": "github"
      },
      "original": {
        "owner": "nix-systems",
        "repo": "default",
        "type": "github"
      }
    },
    "utils": {
      "inputs": {
        "systems": "systems_2"
      },
      "locked": {
        "lastModified": 1694529238,
        "narHash": "sha256-zsNZZGTGnMOf9YpHKJqMSsa0dXbfmxeoJ7xHlrt+xmY=",
        "owner": "numtide",
        "repo": "flake-utils",
        "rev": "ff7b65b44d01cf9ba6a71320833626af21126384",
        "type": "github"
      },
      "original": {
        "owner": "numtide",
        "repo": "flake-utils",
        "type": "github"
      }
    },
    "vivado-boards": {
      "flake": false,
      "locked": {
        "lastModified": 1673473276,
        "narHash": "sha256-tafHRfzQ0G8tq4sV8WRvwwRP4YAVIbVmq+xIp4+N4mE=",
        "owner": "Digilent",
        "repo": "vivado-boards",
        "rev": "e5f0728cd284d10080ae8eb03fc86e7b5eafcb72",
        "type": "github"
      },
      "original": {
        "owner": "Digilent",
        "ref": "master",
        "repo": "vivado-boards",
        "type": "github"
      }
    },
    "xilinx-flake-utils": {
      "inputs": {
        "devshell": "devshell_2",
        "flake-utils": "flake-utils",
        "nixpkgs": "nixpkgs"
      },
      "locked": {
        "lastModified": 1676549838,
        "narHash": "sha256-vZ/BQz9LWlxfWQgPgA36oJl+V6/4x/aOTDa7o8l5miU=",
        "owner": "aeronautical-informatics",
        "repo": "xilinx-flake-utils",
        "rev": "0ffd8d370bf63bed29646b5d3341d2574e651703",
        "type": "github"
      },
      "original": {
        "owner": "aeronautical-informatics",
        "repo": "xilinx-flake-utils",
        "type": "github"
      }
    },
    "xng-utils": {
      "inputs": {
        "nixpkgs": [
          "nixpkgs"
        ]
      },
      "locked": {
        "lastModified": 1700566075,
        "narHash": "sha256-jzpM7T6eko/T7IsslNhZfeihlm3QzbmoR5NBmo/sGUk=",
        "owner": "aeronautical-informatics",
        "repo": "xng-flake-utils",
        "rev": "1cc15bd101403388065ce5ef30a29574ac2d93cc",
        "type": "github"
      },
      "original": {
        "owner": "aeronautical-informatics",
        "repo": "xng-flake-utils",
        "type": "github"
      }
    }
  },
  "root": "root",
  "version": 7
}
